DEPENDENCIES
  glynx_application
    path: cookbooks/glynx_application
  glynx_database
    path: cookbooks/glynx_database
  glynx_elasticsearch
    path: cookbooks/glynx_elasticsearch

GRAPH
  apt (6.1.3)
  ark (3.1.0)
    build-essential (>= 0.0.0)
    seven_zip (>= 0.0.0)
    windows (>= 0.0.0)
  build-essential (8.0.3)
    mingw (>= 1.1)
    seven_zip (>= 0.0.0)
  chef-sugar (3.4.0)
  chef-vault (3.0.0)
    compat_resource (>= 12.16.3)
  compat_resource (12.19.0)
  database (6.1.1)
    postgresql (>= 1.0.0)
  elasticsearch (3.2.1)
    apt (>= 0.0.0)
    ark (>= 0.0.0)
    chef-sugar (>= 0.0.0)
    yum (>= 0.0.0)
  firewall (2.6.2)
    chef-sugar (>= 0.0.0)
  gina_firewall (0.1.2)
    chef-sugar (>= 0.0.0)
    firewall (>= 2.6.1)
  gina_habitat (0.3.0)
    habitat (>= 0.0.0)
  glynx_application (0.2.2)
    chef-vault (>= 0.0.0)
    gina_firewall (>= 0.0.0)
    gina_habitat (>= 0.0.0)
    glynx_database (>= 0.0.0)
    habitat (>= 0.26.1)
    postgresql (>= 0.0.0)
    systemd (>= 0.0.0)
    user (>= 0.0.0)
    yum-epel (>= 0.0.0)
  glynx_database (0.1.2)
    chef-vault (>= 0.0.0)
    database (>= 0.0.0)
    postgresql (>= 6.1.1)
    yum-epel (>= 0.0.0)
  glynx_elasticsearch (0.2.3)
    elasticsearch (>= 0.0.0)
    gina_firewall (>= 0.0.0)
    java (>= 0.0.0)
    limits (>= 0.0.0)
  habitat (0.26.1)
  homebrew (4.2.0)
  java (1.50.0)
    apt (>= 0.0.0)
    homebrew (>= 0.0.0)
    windows (>= 0.0.0)
  limits (1.0.0)
  mingw (2.0.1)
    seven_zip (>= 0.0.0)
  ohai (5.1.0)
  openssl (7.1.0)
  postgresql (6.1.1)
    build-essential (>= 2.0.0)
    compat_resource (>= 12.16.3)
    openssl (>= 4.0)
  seven_zip (2.0.2)
    windows (>= 1.2.2)
  systemd (3.1.0)
    compat_resource (>= 0.0.0)
  user (0.7.0)
  windows (3.1.1)
    ohai (>= 4.0.0)
  yum (5.0.1)
  yum-epel (2.1.2)
    compat_resource (>= 12.16.3)
