DEPENDENCIES
  gina-gluster
    git: git@github.com:gina-alaska/gina-gluster-cookbook.git
    revision: 3a3946e0dbee4570f49e999a751e06cf84f2bc24
  gina-glynx-roles
    git: git@github.alaska.edu:gina-cookbooks/gina-glynx-roles.git
    revision: 8c23f214136b67921e900dc7f02969e8a8d2f777
  gina-rails-application
    path: ../../../chef/gina12-chef/cookbooks/gina-rails-application
  glynx-development
    path: .
    metadata: true
  postgresql
    git: git@github.com:teknofire/postgresql
    revision: 9e0e171b1cb3a1db97f28b8ffe5d9ac46d694e0f
    branch: fix_chef_sugar_compat

GRAPH
  apt (6.0.0)
  ark (2.2.1)
    build-essential (>= 0.0.0)
    seven_zip (>= 0.0.0)
    windows (>= 0.0.0)
  build-essential (7.0.3)
    compat_resource (>= 12.16.3)
    mingw (>= 1.1)
    seven_zip (>= 0.0.0)
  certificate (1.0.0)
    chef-vault (>= 0.0.0)
  chef-sugar (3.4.0)
  chef-vault (2.1.1)
  chef_nginx (5.0.7)
    build-essential (>= 0.0.0)
    compat_resource (>= 12.16.3)
    ohai (>= 4.1.0)
    runit (>= 1.6.0)
    yum-epel (>= 0.0.0)
    zypper (>= 0.0.0)
  chruby_install (0.1.1)
    build-essential (>= 0.0.0)
  compat_resource (12.16.3)
  curl (2.0.3)
  database (5.1.2)
    postgresql (>= 1.0.0)
  deploy_wrapper (0.2.0)
  dmg (3.1.0)
  elasticsearch (1.0.3)
    apt (>= 0.0.0)
    ark (>= 0.0.0)
    chef-sugar (>= 0.0.0)
    curl (>= 0.0.0)
    yum (>= 0.0.0)
  gina-gluster (1.1.1)
    apt (>= 0.0.0)
    chef-sugar (>= 0.0.0)
    logrotate (~> 1.6.0)
    ohai (>= 0.0.0)
    yum (~> 3.0)
    yum-epel (>= 0.0.0)
  gina-glynx-roles (2.0.0)
    chef-vault (>= 0.0.0)
    gina-gluster (~> 1.1)
    gina-rails-application (~> 2.0)
    sudo (>= 0.0.0)
    yum-epel (>= 0.0.0)
  gina-rails-application (2.0.2)
    certificate (~> 1.0.0)
    chef_nginx (>= 0.0.0)
    database (~> 5.0)
    deploy_wrapper (~> 0.2.0)
    elasticsearch (~> 1.0.0)
    git (>= 0.0.0)
    java (>= 0.0.0)
    memcached (~> 2.0.2)
    nodejs (~> 2.4.0)
    openssl (~> 4.0)
    postgresql (>= 0.0.0)
    redisio (>= 0.0.0)
    rubies (~> 0.1.0)
    runit (>= 0.0.0)
    ssh_known_hosts (~> 2.0.0)
    user (>= 0.0.0)
    yum-epel (~> 0.6.0)
  git (6.0.0)
    build-essential (>= 0.0.0)
    dmg (>= 0.0.0)
    yum-epel (>= 0.0.0)
  glynx-development (0.1.0)
    gina-glynx-roles (~> 2.0)
    postgresql (>= 6.0.1)
    yum (>= 0.0.0)
  homebrew (3.0.0)
  java (1.47.0)
    apt (>= 0.0.0)
    homebrew (>= 0.0.0)
    windows (>= 0.0.0)
  logrotate (1.6.0)
  memcached (2.0.3)
    compat_resource (>= 0.0.0)
    runit (~> 1.0)
    yum-epel (>= 0.0.0)
  mingw (1.2.5)
    compat_resource (>= 12.16.3)
    seven_zip (>= 0.0.0)
  nodejs (2.4.4)
    apt (>= 0.0.0)
    ark (>= 0.0.0)
    build-essential (>= 0.0.0)
    homebrew (>= 0.0.0)
    yum-epel (>= 0.0.0)
  ohai (4.2.3)
    compat_resource (>= 12.14.7)
  openssl (4.4.0)
    chef-sugar (>= 3.1.1)
  packagecloud (0.2.5)
  partial_search (1.0.9)
  postgresql (6.0.1)
    build-essential (>= 2.0.0)
    compat_resource (>= 12.16.3)
    openssl (>= 4.0.0)
  redisio (2.5.0)
    build-essential (>= 0.0.0)
    ulimit (>= 0.1.2)
  rubies (0.1.0)
    build-essential (>= 0.0.0)
    chruby_install (>= 0.0.0)
    ruby_install (>= 0.0.0)
  ruby_install (1.0.5)
    apt (>= 0.0.0)
    ark (>= 0.0.0)
    yum (>= 0.0.0)
  runit (1.8.0)
    packagecloud (>= 0.0.0)
    yum-epel (>= 0.0.0)
  seven_zip (2.0.2)
    windows (>= 1.2.2)
  ssh_known_hosts (2.0.0)
    partial_search (>= 0.0.0)
  sudo (3.3.1)
  ulimit (0.4.0)
  user (0.6.0)
  windows (2.1.1)
    ohai (>= 4.0.0)
  yum (3.13.0)
  yum-epel (0.6.5)
    yum (~> 3.2)
  zypper (0.3.0)
