DEPENDENCIES
  gina-gluster
    git: git@github.com:gina-alaska/gina-gluster-cookbook.git
    revision: 3a3946e0dbee4570f49e999a751e06cf84f2bc24
  glynx-development
    path: .
    metadata: true
  glynx_application
    git: git@github.alaska.edu:gina-cookbooks/gina-glynx-env.git
    revision: 0dd30a5e7e07a59f03348827b3cbae26a48c675d
    rel: cookbooks/glynx_application
  glynx_database
    git: git@github.alaska.edu:gina-cookbooks/gina-glynx-env.git
    revision: 0dd30a5e7e07a59f03348827b3cbae26a48c675d
    rel: cookbooks/glynx_database
  glynx_elasticsearch
    git: git@github.alaska.edu:gina-cookbooks/gina-glynx-env.git
    revision: 0dd30a5e7e07a59f03348827b3cbae26a48c675d
    rel: cookbooks/glynx_elasticsearch

GRAPH
  apt (6.0.1)
  ark (2.2.1)
    build-essential (>= 0.0.0)
    seven_zip (>= 0.0.0)
    windows (>= 0.0.0)
  build-essential (8.0.0)
    mingw (>= 1.1)
    seven_zip (>= 0.0.0)
  chef-sugar (3.4.0)
  chef-vault (2.1.1)
  compat_resource (12.16.3)
  database (6.1.1)
    postgresql (>= 1.0.0)
  elasticsearch (3.0.4)
    apt (>= 0.0.0)
    ark (>= 0.0.0)
    chef-sugar (>= 0.0.0)
    yum (>= 0.0.0)
  gina-gluster (1.1.1)
    apt (>= 0.0.0)
    chef-sugar (>= 0.0.0)
    logrotate (~> 1.6.0)
    ohai (>= 0.0.0)
    yum (~> 3.0)
    yum-epel (>= 0.0.0)
  glynx-development (0.1.0)
    database (>= 0.0.0)
    glynx_application (>= 0.0.0)
    glynx_database (>= 0.0.0)
    glynx_elasticsearch (>= 0.0.0)
    postgresql (>= 0.0.0)
  glynx_application (0.1.0)
    chef-vault (>= 0.0.0)
    glynx_database (>= 0.0.0)
    postgresql (>= 0.0.0)
    systemd (>= 0.0.0)
    user (>= 0.0.0)
    yum-epel (>= 0.0.0)
  glynx_database (0.1.1)
    chef-vault (>= 0.0.0)
    database (>= 0.0.0)
    postgresql (>= 6.1.1)
    yum-epel (>= 0.0.0)
  glynx_elasticsearch (0.2.0)
    elasticsearch (>= 0.0.0)
    java (>= 0.0.0)
  homebrew (3.0.0)
  java (1.47.0)
    apt (>= 0.0.0)
    homebrew (>= 0.0.0)
    windows (>= 0.0.0)
  logrotate (1.6.0)
  mingw (2.0.0)
    seven_zip (>= 0.0.0)
  ohai (5.0.0)
  openssl (7.0.0)
  postgresql (6.1.1)
    build-essential (>= 2.0.0)
    compat_resource (>= 12.16.3)
    openssl (>= 4.0)
  seven_zip (2.0.2)
    windows (>= 1.2.2)
  systemd (2.1.3)
  user (0.7.0)
  windows (2.1.1)
    ohai (>= 4.0.0)
  yum (3.13.0)
  yum-epel (2.1.1)
    compat_resource (>= 12.16.3)
